
Microsoft Visual Studio Solution File, Format Version 12.00
# Visual Studio Version 16
VisualStudioVersion = 16.0.29613.14
MinimumVisualStudioVersion = 10.0.40219.1
Project("{FAE04EC0-301F-11D3-BF4B-00C04F79EFBC}") = "MVC_Estudent_Entity", "MVC_Estudent_Entity\MVC_Estudent_Entity.csproj", "{0C90FFD9-549F-4013-9B30-6DF04FFD9AA6}"
EndProject
Project("{FAE04EC0-301F-11D3-BF4B-00C04F79EFBC}") = "Services", "Services\Services.csproj", "{6806A1C6-1057-46B0-810C-884C9BD00761}"
EndProject
Global
	GlobalSection(SolutionConfigurationPlatforms) = preSolution
		Debug|Any CPU = Debug|Any CPU
		Release|Any CPU = Release|Any CPU
	EndGlobalSection
	GlobalSection(ProjectConfigurationPlatforms) = postSolution
		{0C90FFD9-549F-4013-9B30-6DF04FFD9AA6}.Debug|Any CPU.ActiveCfg = Debug|Any CPU
		{0C90FFD9-549F-4013-9B30-6DF04FFD9AA6}.Debug|Any CPU.Build.0 = Debug|Any CPU
		{0C90FFD9-549F-4013-9B30-6DF04FFD9AA6}.Release|Any CPU.ActiveCfg = Release|Any CPU
		{0C90FFD9-549F-4013-9B30-6DF04FFD9AA6}.Release|Any CPU.Build.0 = Release|Any CPU
		{6806A1C6-1057-46B0-810C-884C9BD00761}.Debug|Any CPU.ActiveCfg = Debug|Any CPU
		{6806A1C6-1057-46B0-810C-884C9BD00761}.Debug|Any CPU.Build.0 = Debug|Any CPU
		{6806A1C6-1057-46B0-810C-884C9BD00761}.Release|Any CPU.ActiveCfg = Release|Any CPU
		{6806A1C6-1057-46B0-810C-884C9BD00761}.Release|Any CPU.Build.0 = Release|Any CPU
	EndGlobalSection
	GlobalSection(SolutionProperties) = preSolution
		HideSolutionNode = FALSE
	EndGlobalSection
	GlobalSection(ExtensibilityGlobals) = postSolution
		SolutionGuid = {488587BC-E735-4036-88A6-C8847E1FD3B8}
	EndGlobalSection
EndGlobal
